
Microsoft Visual Studio Solution File, Format Version 12.00
# Visual Studio Version 17
VisualStudioVersion = 17.7.34031.279
MinimumVisualStudioVersion = 10.0.40219.1
Project("{FAE04EC0-301F-11D3-BF4B-00C04F79EFBC}") = "Task 4", "Task 4.csproj", "{413C1074-009A-4080-8387-72253C10B007}"
EndProject
Global
	GlobalSection(SolutionConfigurationPlatforms) = preSolution
		Debug|Any CPU = Debug|Any CPU
		Release|Any CPU = Release|Any CPU
	EndGlobalSection
	GlobalSection(ProjectConfigurationPlatforms) = postSolution
		{413C1074-009A-4080-8387-72253C10B007}.Debug|Any CPU.ActiveCfg = Debug|Any CPU
		{413C1074-009A-4080-8387-72253C10B007}.Debug|Any CPU.Build.0 = Debug|Any CPU
		{413C1074-009A-4080-8387-72253C10B007}.Release|Any CPU.ActiveCfg = Release|Any CPU
		{413C1074-009A-4080-8387-72253C10B007}.Release|Any CPU.Build.0 = Release|Any CPU
	EndGlobalSection
	GlobalSection(SolutionProperties) = preSolution
		HideSolutionNode = FALSE
	EndGlobalSection
	GlobalSection(ExtensibilityGlobals) = postSolution
		SolutionGuid = {3E7EDFA9-1737-4BD9-8082-73CC87073307}
	EndGlobalSection
EndGlobal
