
Microsoft Visual Studio Solution File, Format Version 12.00
# Visual Studio Version 17
VisualStudioVersion = 17.7.34031.279
MinimumVisualStudioVersion = 10.0.40219.1
Project("{FAE04EC0-301F-11D3-BF4B-00C04F79EFBC}") = "Task 1", "Task 1.csproj", "{808C4535-C17A-431C-8081-B499DE780837}"
EndProject
Global
	GlobalSection(SolutionConfigurationPlatforms) = preSolution
		Debug|Any CPU = Debug|Any CPU
		Release|Any CPU = Release|Any CPU
	EndGlobalSection
	GlobalSection(ProjectConfigurationPlatforms) = postSolution
		{808C4535-C17A-431C-8081-B499DE780837}.Debug|Any CPU.ActiveCfg = Debug|Any CPU
		{808C4535-C17A-431C-8081-B499DE780837}.Debug|Any CPU.Build.0 = Debug|Any CPU
		{808C4535-C17A-431C-8081-B499DE780837}.Release|Any CPU.ActiveCfg = Release|Any CPU
		{808C4535-C17A-431C-8081-B499DE780837}.Release|Any CPU.Build.0 = Release|Any CPU
	EndGlobalSection
	GlobalSection(SolutionProperties) = preSolution
		HideSolutionNode = FALSE
	EndGlobalSection
	GlobalSection(ExtensibilityGlobals) = postSolution
		SolutionGuid = {B9AB5345-9213-47D7-835C-4AA0091565BB}
	EndGlobalSection
EndGlobal
