
Microsoft Visual Studio Solution File, Format Version 12.00
# Visual Studio Version 17
VisualStudioVersion = 17.7.34031.279
MinimumVisualStudioVersion = 10.0.40219.1
Project("{FAE04EC0-301F-11D3-BF4B-00C04F79EFBC}") = "Task 2", "Task 2.csproj", "{A81735CB-0F38-4941-8D0B-9D2BAD564A66}"
EndProject
Global
	GlobalSection(SolutionConfigurationPlatforms) = preSolution
		Debug|Any CPU = Debug|Any CPU
		Release|Any CPU = Release|Any CPU
	EndGlobalSection
	GlobalSection(ProjectConfigurationPlatforms) = postSolution
		{A81735CB-0F38-4941-8D0B-9D2BAD564A66}.Debug|Any CPU.ActiveCfg = Debug|Any CPU
		{A81735CB-0F38-4941-8D0B-9D2BAD564A66}.Debug|Any CPU.Build.0 = Debug|Any CPU
		{A81735CB-0F38-4941-8D0B-9D2BAD564A66}.Release|Any CPU.ActiveCfg = Release|Any CPU
		{A81735CB-0F38-4941-8D0B-9D2BAD564A66}.Release|Any CPU.Build.0 = Release|Any CPU
	EndGlobalSection
	GlobalSection(SolutionProperties) = preSolution
		HideSolutionNode = FALSE
	EndGlobalSection
	GlobalSection(ExtensibilityGlobals) = postSolution
		SolutionGuid = {4D724F46-30EB-45A0-8AB0-A0A9A0C2A261}
	EndGlobalSection
EndGlobal
