
Microsoft Visual Studio Solution File, Format Version 12.00
# Visual Studio Version 17
VisualStudioVersion = 17.7.34031.279
MinimumVisualStudioVersion = 10.0.40219.1
Project("{FAE04EC0-301F-11D3-BF4B-00C04F79EFBC}") = "Task 4", "Task 4.csproj", "{DB535779-7EBF-401F-A191-27C3A7D84312}"
EndProject
Global
	GlobalSection(SolutionConfigurationPlatforms) = preSolution
		Debug|Any CPU = Debug|Any CPU
		Release|Any CPU = Release|Any CPU
	EndGlobalSection
	GlobalSection(ProjectConfigurationPlatforms) = postSolution
		{DB535779-7EBF-401F-A191-27C3A7D84312}.Debug|Any CPU.ActiveCfg = Debug|Any CPU
		{DB535779-7EBF-401F-A191-27C3A7D84312}.Debug|Any CPU.Build.0 = Debug|Any CPU
		{DB535779-7EBF-401F-A191-27C3A7D84312}.Release|Any CPU.ActiveCfg = Release|Any CPU
		{DB535779-7EBF-401F-A191-27C3A7D84312}.Release|Any CPU.Build.0 = Release|Any CPU
	EndGlobalSection
	GlobalSection(SolutionProperties) = preSolution
		HideSolutionNode = FALSE
	EndGlobalSection
	GlobalSection(ExtensibilityGlobals) = postSolution
		SolutionGuid = {BCD18D1C-AC3A-4C95-8AEF-7A0E8F3DFDA7}
	EndGlobalSection
EndGlobal
