
Microsoft Visual Studio Solution File, Format Version 12.00
# Visual Studio Version 17
VisualStudioVersion = 17.7.34031.279
MinimumVisualStudioVersion = 10.0.40219.1
Project("{FAE04EC0-301F-11D3-BF4B-00C04F79EFBC}") = "lesson11.2", "lesson11.2.csproj", "{79276B67-07DF-4376-9DFE-FBB9CCF0C9B1}"
EndProject
Global
	GlobalSection(SolutionConfigurationPlatforms) = preSolution
		Debug|Any CPU = Debug|Any CPU
		Release|Any CPU = Release|Any CPU
	EndGlobalSection
	GlobalSection(ProjectConfigurationPlatforms) = postSolution
		{79276B67-07DF-4376-9DFE-FBB9CCF0C9B1}.Debug|Any CPU.ActiveCfg = Debug|Any CPU
		{79276B67-07DF-4376-9DFE-FBB9CCF0C9B1}.Debug|Any CPU.Build.0 = Debug|Any CPU
		{79276B67-07DF-4376-9DFE-FBB9CCF0C9B1}.Release|Any CPU.ActiveCfg = Release|Any CPU
		{79276B67-07DF-4376-9DFE-FBB9CCF0C9B1}.Release|Any CPU.Build.0 = Release|Any CPU
	EndGlobalSection
	GlobalSection(SolutionProperties) = preSolution
		HideSolutionNode = FALSE
	EndGlobalSection
	GlobalSection(ExtensibilityGlobals) = postSolution
		SolutionGuid = {391CD8B4-48F9-42A2-B61C-519AB1150380}
	EndGlobalSection
EndGlobal
