
Microsoft Visual Studio Solution File, Format Version 12.00
# Visual Studio Version 17
VisualStudioVersion = 17.7.34031.279
MinimumVisualStudioVersion = 10.0.40219.1
Project("{FAE04EC0-301F-11D3-BF4B-00C04F79EFBC}") = "Lesson 4 Template", "Lesson 4 Template\Lesson 4 Template.csproj", "{F50AAF95-E65E-41E1-8FEB-D37C296603B6}"
EndProject
Global
	GlobalSection(SolutionConfigurationPlatforms) = preSolution
		Debug|Any CPU = Debug|Any CPU
		Release|Any CPU = Release|Any CPU
	EndGlobalSection
	GlobalSection(ProjectConfigurationPlatforms) = postSolution
		{F50AAF95-E65E-41E1-8FEB-D37C296603B6}.Debug|Any CPU.ActiveCfg = Debug|Any CPU
		{F50AAF95-E65E-41E1-8FEB-D37C296603B6}.Debug|Any CPU.Build.0 = Debug|Any CPU
		{F50AAF95-E65E-41E1-8FEB-D37C296603B6}.Release|Any CPU.ActiveCfg = Release|Any CPU
		{F50AAF95-E65E-41E1-8FEB-D37C296603B6}.Release|Any CPU.Build.0 = Release|Any CPU
	EndGlobalSection
	GlobalSection(SolutionProperties) = preSolution
		HideSolutionNode = FALSE
	EndGlobalSection
	GlobalSection(ExtensibilityGlobals) = postSolution
		SolutionGuid = {37FB1756-24C5-4D27-B703-D0C125EF0247}
	EndGlobalSection
EndGlobal
