
Microsoft Visual Studio Solution File, Format Version 12.00
# Visual Studio Version 17
VisualStudioVersion = 17.7.34031.279
MinimumVisualStudioVersion = 10.0.40219.1
Project("{FAE04EC0-301F-11D3-BF4B-00C04F79EFBC}") = "Lesson 1 Template", "Lesson 1 Template\Lesson 1 Template.csproj", "{9FD75A2B-6E19-4B0A-8DE8-32D9AB6FB5E8}"
EndProject
Global
	GlobalSection(SolutionConfigurationPlatforms) = preSolution
		Debug|Any CPU = Debug|Any CPU
		Release|Any CPU = Release|Any CPU
	EndGlobalSection
	GlobalSection(ProjectConfigurationPlatforms) = postSolution
		{9FD75A2B-6E19-4B0A-8DE8-32D9AB6FB5E8}.Debug|Any CPU.ActiveCfg = Debug|Any CPU
		{9FD75A2B-6E19-4B0A-8DE8-32D9AB6FB5E8}.Debug|Any CPU.Build.0 = Debug|Any CPU
		{9FD75A2B-6E19-4B0A-8DE8-32D9AB6FB5E8}.Release|Any CPU.ActiveCfg = Release|Any CPU
		{9FD75A2B-6E19-4B0A-8DE8-32D9AB6FB5E8}.Release|Any CPU.Build.0 = Release|Any CPU
	EndGlobalSection
	GlobalSection(SolutionProperties) = preSolution
		HideSolutionNode = FALSE
	EndGlobalSection
	GlobalSection(ExtensibilityGlobals) = postSolution
		SolutionGuid = {0852BB0E-08D0-4284-AD51-C1C3EDA0DD8D}
	EndGlobalSection
EndGlobal
