
Microsoft Visual Studio Solution File, Format Version 12.00
# Visual Studio Version 17
VisualStudioVersion = 17.7.34031.279
MinimumVisualStudioVersion = 10.0.40219.1
Project("{FAE04EC0-301F-11D3-BF4B-00C04F79EFBC}") = "Task 3", "Task 3.csproj", "{96270096-89F4-4781-ABFA-1648CCE50061}"
EndProject
Global
	GlobalSection(SolutionConfigurationPlatforms) = preSolution
		Debug|Any CPU = Debug|Any CPU
		Release|Any CPU = Release|Any CPU
	EndGlobalSection
	GlobalSection(ProjectConfigurationPlatforms) = postSolution
		{96270096-89F4-4781-ABFA-1648CCE50061}.Debug|Any CPU.ActiveCfg = Debug|Any CPU
		{96270096-89F4-4781-ABFA-1648CCE50061}.Debug|Any CPU.Build.0 = Debug|Any CPU
		{96270096-89F4-4781-ABFA-1648CCE50061}.Release|Any CPU.ActiveCfg = Release|Any CPU
		{96270096-89F4-4781-ABFA-1648CCE50061}.Release|Any CPU.Build.0 = Release|Any CPU
	EndGlobalSection
	GlobalSection(SolutionProperties) = preSolution
		HideSolutionNode = FALSE
	EndGlobalSection
	GlobalSection(ExtensibilityGlobals) = postSolution
		SolutionGuid = {E1546BCC-904D-434F-B796-5555B7E304A7}
	EndGlobalSection
EndGlobal
